assets:
  boulder_01:
    category: rock
    sha256: 13d651c28c309476cd89bbf8fbc722327b8a8597a467a70fc1f7c46454a38a04
    source: polyhaven:boulder_01
  coast_rocks_01:
    category: rock
    sha256: f56dac2e97d2fa22e4a542cca4893309895d3cb9a7d3911cad9aec93ed63f3e8
    source: polyhaven:coast_rocks_01
  crystalline_iceplant:
    category: bush
    sha256: e50aa9e52c65411255bb1f32157633725abf0bc40ec94cf253490fa595957501
    source: polyhaven:crystalline_iceplant
  dead_tree_trunk_02:
    category: tree
    sha256: 03cbe553c78e14b8d4c4e50403ba13b9e95ee54d24806da136efa56a4779a2b5
    source: polyhaven:dead_tree_trunk_02
  fern_02:
    category: bush
    sha256: 1bfb6e12d805cc97035c8cbd051187ca6db650e3157fd8884afcf66a6c4e78eb
    source: polyhaven:fern_02
  fir_sapling:
    category: tree
    sha256: 2888cbb7d7d0accc5efdb68e940dffde1c26c40f88984138f3b89444e4ffca42
    source: polyhaven:fir_sapling
  fir_tree_01:
    category: tree
    sha256: 153d20aae6d7c63a4c52689d91e8bead78f6d17a70e11ef4d03d19953383de00
    source: polyhaven:fir_tree_01
  flower_gazania:
    category: grass
    sha256: 6032e53b3defd50fb552c9b7c837fbb9ef0263bcc477cd0c0105cb73a36d1514
    source: polyhaven:flower_gazania
  grass_bermuda_01:
    category: grass
    sha256: 6ff15e278219947ce8013663f918fc3ae074f19157ace2f2dcfb3484e2e4e654
    source: polyhaven:grass_bermuda_01
    visual_mb: 5.0
  grass_medium_01:
    category: grass
    sha256: 5bbeaf7161508c1de66f137e7fcaec6fdea9c4ac0faa134c384c89c97271bec2
    source: polyhaven:grass_medium_01
  grass_medium_02:
    category: grass
    sha256: fd53aafc0650f0e7d9a10bc95f669d396ea7eb746bf2ca5a14497e331410eff1
    source: polyhaven:grass_medium_02
    visual_mb: 1.9
  island_tree_01:
    category: tree
    sha256: 127d2b17778e0dd28508195e9095fe6e78cbcb6c6adb02faf3034506e29c9cd3
    source: polyhaven:island_tree_01
  island_tree_02:
    category: tree
    sha256: 424746755d270ad50c020c0fe08fe9f0927e655e1ae26d66964d3a3360dd0cd9
    source: polyhaven:island_tree_02
  namaqualand_boulder_04:
    category: rock
    sha256: null
    source: polyhaven:namaqualand_boulder_04
  namaqualand_rocks_01:
    category: rock
    sha256: e7675c0b118b4f9cd07f4cce6e6e09249277b57610b91c4fa7f766f3a3e487e9
    source: polyhaven:namaqualand_rocks_01
  pine_tree_01:
    category: tree
    sha256: db517cc486475860f308b8064673b841fee6f9ad2986446d8e02d1b81b22284d
    source: polyhaven:pine_tree_01
  quiver_tree_01:
    category: tree
    sha256: 2ddc2ceefd10d4699c66be5363375d7a632e736044234265757adb8de5a69655
    source: polyhaven:quiver_tree_01
  rock_07:
    category: rock
    sha256: b17121c16365009033f69446faf9260ce4007179bfe4d2d878b7ec872e0dfd7b
    source: polyhaven:rock_07
  sand_rocks_small_01:
    category: rock
    sha256: db2cb62c4ea513dde5830fcd7b0294e1fa9ae99aca875ec0d88c0b093e63368d
    source: polyhaven:sand_rocks_small_01
  shrub_01:
    category: bush
    sha256: a6ba7e56937853891eae84dc875fcc653d1ac38d50364b32a250025d7d4a80b0
    source: polyhaven:shrub_01
  shrub_03:
    category: bush
    sha256: f003d3839670ad028ce7077fcef978d83a2c736222abc34168f45a07edcef9a7
    source: polyhaven:shrub_03
  wild_rooibos_bush:
    category: bush
    sha256: 75d904e4dfb03d4aab445e91489db5070074796e7e7a08e3165a8e67aac109dd
    source: polyhaven:wild_rooibos_bush
note: sha256 of each SOURCE Poly Haven .blend download (CC0; byte-stable from their
  CDN)
